version = 4

[[package]]
name = "mycelix-qualification-adapter-profile-core"
version = "0.1.0"
dependencies = [
 "mycelix-qualification-receipt-core",
]

[[package]]
name = "mycelix-qualification-checkpoint-adapter-core"
version = "0.1.0"
dependencies = [
 "mycelix-qualification-adapter-profile-core",
 "mycelix-qualification-receipt-core",
]

[[package]]
name = "mycelix-qualification-receipt-core"
version = "0.1.0"
